
Microsoft Visual Studio Solution File, Format Version 12.00
# Visual Studio Version 17
VisualStudioVersion = 17.5.002.0
MinimumVisualStudioVersion = 10.0.40219.1
Project("{9A19103F-16F7-4668-BE54-9A1E7A4F7556}") = "DesafioPOO", "DesafioPOO.csproj", "{03035E4E-E6A8-473F-92D6-8077AD0BFF00}"
EndProject
Global
	GlobalSection(SolutionConfigurationPlatforms) = preSolution
		Debug|Any CPU = Debug|Any CPU
		Release|Any CPU = Release|Any CPU
	EndGlobalSection
	GlobalSection(ProjectConfigurationPlatforms) = postSolution
		{03035E4E-E6A8-473F-92D6-8077AD0BFF00}.Debug|Any CPU.ActiveCfg = Debug|Any CPU
		{03035E4E-E6A8-473F-92D6-8077AD0BFF00}.Debug|Any CPU.Build.0 = Debug|Any CPU
		{03035E4E-E6A8-473F-92D6-8077AD0BFF00}.Release|Any CPU.ActiveCfg = Release|Any CPU
		{03035E4E-E6A8-473F-92D6-8077AD0BFF00}.Release|Any CPU.Build.0 = Release|Any CPU
	EndGlobalSection
	GlobalSection(SolutionProperties) = preSolution
		HideSolutionNode = FALSE
	EndGlobalSection
	GlobalSection(ExtensibilityGlobals) = postSolution
		SolutionGuid = {DCB4BD06-3EB0-4091-B05E-DBF7FEF38643}
	EndGlobalSection
EndGlobal
